
Microsoft Visual Studio Solution File, Format Version 12.00
# Visual Studio 2012
Project("{FAE04EC0-301F-11D3-BF4B-00C04F79EFBC}") = "SieveOfEratosthenes", "SieveOfEratosthenes\SieveOfEratosthenes.csproj", "{94FB74B9-86F7-4170-B520-CFDCEEF0588D}"
EndProject
Project("{FAE04EC0-301F-11D3-BF4B-00C04F79EFBC}") = "KMeans", "KMeans\KMeans.csproj", "{B12FB213-C89D-4FF9-818D-1347F03A3C2E}"
EndProject
Project("{FAE04EC0-301F-11D3-BF4B-00C04F79EFBC}") = "EightQueensPuzzle", "EightQueensPuzzle\EightQueensPuzzle.csproj", "{7441D0D9-8A49-45F7-8831-0F3D6893B5C4}"
EndProject
Project("{FAE04EC0-301F-11D3-BF4B-00C04F79EFBC}") = "Bogosort", "Bogosort\Bogosort.csproj", "{3AD24761-0792-4F19-B5FC-49678EE1594D}"
EndProject
Project("{FAE04EC0-301F-11D3-BF4B-00C04F79EFBC}") = "MaximumRepetitiveSubstring", "LongestCommonSubstring\MaximumRepetitiveSubstring.csproj", "{4BBC5322-0FDE-430B-B042-E1CFAFF646FB}"
EndProject
Global
	GlobalSection(SolutionConfigurationPlatforms) = preSolution
		Debug|x86 = Debug|x86
		Release|x86 = Release|x86
	EndGlobalSection
	GlobalSection(ProjectConfigurationPlatforms) = postSolution
		{3AD24761-0792-4F19-B5FC-49678EE1594D}.Debug|x86.ActiveCfg = Debug|x86
		{3AD24761-0792-4F19-B5FC-49678EE1594D}.Debug|x86.Build.0 = Debug|x86
		{3AD24761-0792-4F19-B5FC-49678EE1594D}.Release|x86.ActiveCfg = Release|x86
		{3AD24761-0792-4F19-B5FC-49678EE1594D}.Release|x86.Build.0 = Release|x86
		{4BBC5322-0FDE-430B-B042-E1CFAFF646FB}.Debug|x86.ActiveCfg = Debug|x86
		{4BBC5322-0FDE-430B-B042-E1CFAFF646FB}.Debug|x86.Build.0 = Debug|x86
		{4BBC5322-0FDE-430B-B042-E1CFAFF646FB}.Release|x86.ActiveCfg = Release|x86
		{4BBC5322-0FDE-430B-B042-E1CFAFF646FB}.Release|x86.Build.0 = Release|x86
		{7441D0D9-8A49-45F7-8831-0F3D6893B5C4}.Debug|x86.ActiveCfg = Debug|x86
		{7441D0D9-8A49-45F7-8831-0F3D6893B5C4}.Debug|x86.Build.0 = Debug|x86
		{7441D0D9-8A49-45F7-8831-0F3D6893B5C4}.Release|x86.ActiveCfg = Release|x86
		{7441D0D9-8A49-45F7-8831-0F3D6893B5C4}.Release|x86.Build.0 = Release|x86
		{94FB74B9-86F7-4170-B520-CFDCEEF0588D}.Debug|x86.ActiveCfg = Debug|x86
		{94FB74B9-86F7-4170-B520-CFDCEEF0588D}.Debug|x86.Build.0 = Debug|x86
		{94FB74B9-86F7-4170-B520-CFDCEEF0588D}.Release|x86.ActiveCfg = Release|x86
		{94FB74B9-86F7-4170-B520-CFDCEEF0588D}.Release|x86.Build.0 = Release|x86
		{B12FB213-C89D-4FF9-818D-1347F03A3C2E}.Debug|x86.ActiveCfg = Debug|x86
		{B12FB213-C89D-4FF9-818D-1347F03A3C2E}.Debug|x86.Build.0 = Debug|x86
		{B12FB213-C89D-4FF9-818D-1347F03A3C2E}.Release|x86.ActiveCfg = Release|x86
		{B12FB213-C89D-4FF9-818D-1347F03A3C2E}.Release|x86.Build.0 = Release|x86
	EndGlobalSection
EndGlobal
